
Microsoft Visual Studio Solution File, Format Version 12.00
# Visual Studio Version 16
VisualStudioVersion = 16.0.29102.190
MinimumVisualStudioVersion = 10.0.40219.1
Project("{9A19103F-16F7-4668-BE54-9A1E7A4F7556}") = "DatabaseDocumentGenerator", "DatabaseDocumentGenerator\DatabaseDocumentGenerator.csproj", "{BFB45609-A1CB-44DE-B514-A5736E047CD1}"
EndProject
Project("{FAE04EC0-301F-11D3-BF4B-00C04F79EFBC}") = "DatabaseDocumentGenerator.Wpf", "DatabaseDocumentGenerator.Wpf\DatabaseDocumentGenerator.Wpf.csproj", "{B1473672-57BF-4B19-BAC6-EDF21448559D}"
EndProject
Global
	GlobalSection(SolutionConfigurationPlatforms) = preSolution
		Debug|Any CPU = Debug|Any CPU
		Release|Any CPU = Release|Any CPU
	EndGlobalSection
	GlobalSection(ProjectConfigurationPlatforms) = postSolution
		{BFB45609-A1CB-44DE-B514-A5736E047CD1}.Debug|Any CPU.ActiveCfg = Debug|Any CPU
		{BFB45609-A1CB-44DE-B514-A5736E047CD1}.Debug|Any CPU.Build.0 = Debug|Any CPU
		{BFB45609-A1CB-44DE-B514-A5736E047CD1}.Release|Any CPU.ActiveCfg = Release|Any CPU
		{BFB45609-A1CB-44DE-B514-A5736E047CD1}.Release|Any CPU.Build.0 = Release|Any CPU
		{B1473672-57BF-4B19-BAC6-EDF21448559D}.Debug|Any CPU.ActiveCfg = Debug|Any CPU
		{B1473672-57BF-4B19-BAC6-EDF21448559D}.Debug|Any CPU.Build.0 = Debug|Any CPU
		{B1473672-57BF-4B19-BAC6-EDF21448559D}.Release|Any CPU.ActiveCfg = Release|Any CPU
		{B1473672-57BF-4B19-BAC6-EDF21448559D}.Release|Any CPU.Build.0 = Release|Any CPU
	EndGlobalSection
	GlobalSection(SolutionProperties) = preSolution
		HideSolutionNode = FALSE
	EndGlobalSection
	GlobalSection(ExtensibilityGlobals) = postSolution
		SolutionGuid = {C82D6B18-0BB2-47B9-B6D6-485B07815F71}
	EndGlobalSection
EndGlobal
